
Microsoft Visual Studio Solution File, Format Version 12.00
Project("{FAE04EC0-301F-11D3-BF4B-00C04F79EFBC}") = "Marco.Forms.UI", "Marco.Forms.UI\Marco.Forms.UI\Marco.Forms.UI.csproj", "{4FECB794-984E-46C6-BC1F-F0D6B3B4D1E2}"
EndProject
Project("{FAE04EC0-301F-11D3-BF4B-00C04F79EFBC}") = "Marco.Forms.UI.Client", "Marco.Forms.UI\Marco.Forms.UI.Client\Marco.Forms.UI.Client.csproj", "{271944E1-249C-439B-BE50-CE753475E1AA}"
EndProject
Project("{2150E333-8FDC-42A3-9474-1A3956D46DE8}") = "Solution Items", "Solution Items", "{1112EED1-B3C9-4613-BF02-5DE7C47C833A}"
	ProjectSection(SolutionItems) = preProject
		compose.yaml = compose.yaml
		..\LICENSE.md = ..\LICENSE.md
		..\README.md = ..\README.md
	EndProjectSection
EndProject
Project("{FAE04EC0-301F-11D3-BF4B-00C04F79EFBC}") = "Pure.Blazor.Components", "..\components\src\Pure.Blazor.Components\Pure.Blazor.Components.csproj", "{27EA7511-7D33-412B-8666-0463046E3F9A}"
EndProject
Project("{FAE04EC0-301F-11D3-BF4B-00C04F79EFBC}") = "Pure.Blazor.Components.Icons", "..\components\src\Pure.Blazor.Components.Icons\Pure.Blazor.Components.Icons.csproj", "{C67810E1-76E2-4EAE-A65C-EDE301E1C55F}"
EndProject
Global
	GlobalSection(SolutionConfigurationPlatforms) = preSolution
		Debug|Any CPU = Debug|Any CPU
		Release|Any CPU = Release|Any CPU
	EndGlobalSection
	GlobalSection(ProjectConfigurationPlatforms) = postSolution
		{4FECB794-984E-46C6-BC1F-F0D6B3B4D1E2}.Debug|Any CPU.ActiveCfg = Debug|Any CPU
		{4FECB794-984E-46C6-BC1F-F0D6B3B4D1E2}.Debug|Any CPU.Build.0 = Debug|Any CPU
		{4FECB794-984E-46C6-BC1F-F0D6B3B4D1E2}.Release|Any CPU.ActiveCfg = Release|Any CPU
		{4FECB794-984E-46C6-BC1F-F0D6B3B4D1E2}.Release|Any CPU.Build.0 = Release|Any CPU
		{271944E1-249C-439B-BE50-CE753475E1AA}.Debug|Any CPU.ActiveCfg = Debug|Any CPU
		{271944E1-249C-439B-BE50-CE753475E1AA}.Debug|Any CPU.Build.0 = Debug|Any CPU
		{271944E1-249C-439B-BE50-CE753475E1AA}.Release|Any CPU.ActiveCfg = Release|Any CPU
		{271944E1-249C-439B-BE50-CE753475E1AA}.Release|Any CPU.Build.0 = Release|Any CPU
		{27EA7511-7D33-412B-8666-0463046E3F9A}.Debug|Any CPU.ActiveCfg = Debug|Any CPU
		{27EA7511-7D33-412B-8666-0463046E3F9A}.Debug|Any CPU.Build.0 = Debug|Any CPU
		{27EA7511-7D33-412B-8666-0463046E3F9A}.Release|Any CPU.ActiveCfg = Release|Any CPU
		{27EA7511-7D33-412B-8666-0463046E3F9A}.Release|Any CPU.Build.0 = Release|Any CPU
		{C67810E1-76E2-4EAE-A65C-EDE301E1C55F}.Debug|Any CPU.ActiveCfg = Debug|Any CPU
		{C67810E1-76E2-4EAE-A65C-EDE301E1C55F}.Debug|Any CPU.Build.0 = Debug|Any CPU
		{C67810E1-76E2-4EAE-A65C-EDE301E1C55F}.Release|Any CPU.ActiveCfg = Release|Any CPU
		{C67810E1-76E2-4EAE-A65C-EDE301E1C55F}.Release|Any CPU.Build.0 = Release|Any CPU
	EndGlobalSection
EndGlobal
